
Microsoft Visual Studio Solution File, Format Version 12.00
# Visual Studio Version 17
VisualStudioVersion = 17.13.35931.197 d17.13
MinimumVisualStudioVersion = 10.0.40219.1
Project("{FAE04EC0-301F-11D3-BF4B-00C04F79EFBC}") = "inventrack-backend-demo", "inventrack-backend-demo.csproj", "{17FDF6CE-EE16-4D5B-A3B5-3DC19614107E}"
EndProject
Global
	GlobalSection(SolutionConfigurationPlatforms) = preSolution
		Debug|Any CPU = Debug|Any CPU
		Release|Any CPU = Release|Any CPU
	EndGlobalSection
	GlobalSection(ProjectConfigurationPlatforms) = postSolution
		{17FDF6CE-EE16-4D5B-A3B5-3DC19614107E}.Debug|Any CPU.ActiveCfg = Debug|Any CPU
		{17FDF6CE-EE16-4D5B-A3B5-3DC19614107E}.Debug|Any CPU.Build.0 = Debug|Any CPU
		{17FDF6CE-EE16-4D5B-A3B5-3DC19614107E}.Release|Any CPU.ActiveCfg = Release|Any CPU
		{17FDF6CE-EE16-4D5B-A3B5-3DC19614107E}.Release|Any CPU.Build.0 = Release|Any CPU
	EndGlobalSection
	GlobalSection(SolutionProperties) = preSolution
		HideSolutionNode = FALSE
	EndGlobalSection
	GlobalSection(ExtensibilityGlobals) = postSolution
		SolutionGuid = {88F50157-CA41-4D0A-BB3A-E37CEFE9778F}
	EndGlobalSection
EndGlobal
